
Microsoft Visual Studio Solution File, Format Version 12.00
# Visual Studio Version 17
VisualStudioVersion = 17.13.35806.99
MinimumVisualStudioVersion = 10.0.40219.1
Project("{FAE04EC0-301F-11D3-BF4B-00C04F79EFBC}") = "AppointmentAPI", "AppointmentAPI\AppointmentAPI.csproj", "{5D2DD0C2-661D-4E13-AC14-682DFDA9957B}"
EndProject
Project("{FAE04EC0-301F-11D3-BF4B-00C04F79EFBC}") = "Domain", "Domain\Domain.csproj", "{40283807-A0DA-4ACC-94F9-7E7F3527423E}"
EndProject
Project("{FAE04EC0-301F-11D3-BF4B-00C04F79EFBC}") = "Application", "Application\Application.csproj", "{520BBB2B-7EC9-427D-A41A-12DB99B21BD7}"
EndProject
Project("{FAE04EC0-301F-11D3-BF4B-00C04F79EFBC}") = "Shared", "Shared\Shared.csproj", "{5E6F9A6D-F3DB-45CC-B349-B95ADDB78B14}"
EndProject
Project("{FAE04EC0-301F-11D3-BF4B-00C04F79EFBC}") = "Presentation", "Presentation\Presentation.csproj", "{1940FC74-A379-4E4E-9CBE-A5812C01CF1A}"
EndProject
Project("{FAE04EC0-301F-11D3-BF4B-00C04F79EFBC}") = "Infrastructure", "Infrastructure\Infrastructure.csproj", "{C1E20C06-9394-4BBE-9D62-F2A3490FF814}"
EndProject
Global
	GlobalSection(SolutionConfigurationPlatforms) = preSolution
		Debug|Any CPU = Debug|Any CPU
		Release|Any CPU = Release|Any CPU
	EndGlobalSection
	GlobalSection(ProjectConfigurationPlatforms) = postSolution
		{5D2DD0C2-661D-4E13-AC14-682DFDA9957B}.Debug|Any CPU.ActiveCfg = Debug|Any CPU
		{5D2DD0C2-661D-4E13-AC14-682DFDA9957B}.Debug|Any CPU.Build.0 = Debug|Any CPU
		{5D2DD0C2-661D-4E13-AC14-682DFDA9957B}.Release|Any CPU.ActiveCfg = Release|Any CPU
		{5D2DD0C2-661D-4E13-AC14-682DFDA9957B}.Release|Any CPU.Build.0 = Release|Any CPU
		{40283807-A0DA-4ACC-94F9-7E7F3527423E}.Debug|Any CPU.ActiveCfg = Debug|Any CPU
		{40283807-A0DA-4ACC-94F9-7E7F3527423E}.Debug|Any CPU.Build.0 = Debug|Any CPU
		{40283807-A0DA-4ACC-94F9-7E7F3527423E}.Release|Any CPU.ActiveCfg = Release|Any CPU
		{40283807-A0DA-4ACC-94F9-7E7F3527423E}.Release|Any CPU.Build.0 = Release|Any CPU
		{520BBB2B-7EC9-427D-A41A-12DB99B21BD7}.Debug|Any CPU.ActiveCfg = Debug|Any CPU
		{520BBB2B-7EC9-427D-A41A-12DB99B21BD7}.Debug|Any CPU.Build.0 = Debug|Any CPU
		{520BBB2B-7EC9-427D-A41A-12DB99B21BD7}.Release|Any CPU.ActiveCfg = Release|Any CPU
		{520BBB2B-7EC9-427D-A41A-12DB99B21BD7}.Release|Any CPU.Build.0 = Release|Any CPU
		{5E6F9A6D-F3DB-45CC-B349-B95ADDB78B14}.Debug|Any CPU.ActiveCfg = Debug|Any CPU
		{5E6F9A6D-F3DB-45CC-B349-B95ADDB78B14}.Debug|Any CPU.Build.0 = Debug|Any CPU
		{5E6F9A6D-F3DB-45CC-B349-B95ADDB78B14}.Release|Any CPU.ActiveCfg = Release|Any CPU
		{5E6F9A6D-F3DB-45CC-B349-B95ADDB78B14}.Release|Any CPU.Build.0 = Release|Any CPU
		{1940FC74-A379-4E4E-9CBE-A5812C01CF1A}.Debug|Any CPU.ActiveCfg = Debug|Any CPU
		{1940FC74-A379-4E4E-9CBE-A5812C01CF1A}.Debug|Any CPU.Build.0 = Debug|Any CPU
		{1940FC74-A379-4E4E-9CBE-A5812C01CF1A}.Release|Any CPU.ActiveCfg = Release|Any CPU
		{1940FC74-A379-4E4E-9CBE-A5812C01CF1A}.Release|Any CPU.Build.0 = Release|Any CPU
		{C1E20C06-9394-4BBE-9D62-F2A3490FF814}.Debug|Any CPU.ActiveCfg = Debug|Any CPU
		{C1E20C06-9394-4BBE-9D62-F2A3490FF814}.Debug|Any CPU.Build.0 = Debug|Any CPU
		{C1E20C06-9394-4BBE-9D62-F2A3490FF814}.Release|Any CPU.ActiveCfg = Release|Any CPU
		{C1E20C06-9394-4BBE-9D62-F2A3490FF814}.Release|Any CPU.Build.0 = Release|Any CPU
	EndGlobalSection
	GlobalSection(SolutionProperties) = preSolution
		HideSolutionNode = FALSE
	EndGlobalSection
	GlobalSection(ExtensibilityGlobals) = postSolution
		SolutionGuid = {7988A379-B752-4888-B7A0-7FA525BCC164}
	EndGlobalSection
EndGlobal
